
Microsoft Visual Studio Solution File, Format Version 12.00
# Visual Studio Version 17
VisualStudioVersion = 17.0.31903.59
MinimumVisualStudioVersion = 10.0.40219.1
Project("{FAE04EC0-301F-11D3-BF4B-00C04F79EFBC}") = "NRE.Core", "src\NRE.Core\NRE.Core.csproj", "{9A3A3F28-9F52-4DA2-8B34-1E3F6C1A1D01}"
EndProject
Project("{FAE04EC0-301F-11D3-BF4B-00C04F79EFBC}") = "NRE.Contracts", "src\NRE.Contracts\NRE.Contracts.csproj", "{4858400B-53C7-4AA9-A378-1ACB5D5BBD7F}"
EndProject
Project("{FAE04EC0-301F-11D3-BF4B-00C04F79EFBC}") = "NRE.Api", "src\NRE.Api\NRE.Api.csproj", "{B73D2C5D-2D0D-4B3A-9F4A-0A0D2D7D90C7}"
EndProject
Project("{FAE04EC0-301F-11D3-BF4B-00C04F79EFBC}") = "NRE.Blazor", "src\NRE.Blazor\NRE.Blazor.csproj", "{D8F3C6A1-0E53-4EE9-9F9E-9E5CE6E3D4C3}"
EndProject
Project("{FAE04EC0-301F-11D3-BF4B-00C04F79EFBC}") = "NRE.Tests", "tests\NRE.Tests\NRE.Tests.csproj", "{FDDC62B7-0269-49AD-86E6-A84949C364F7}"
EndProject
Project("{2150E333-8FDC-42A3-9474-1A3956D46DE8}") = "src", "src", "{827E0CD3-B72D-47B6-A68D-7590B98EB39B}"
EndProject
Project("{FAE04EC0-301F-11D3-BF4B-00C04F79EFBC}") = "NRE.WpfEditor", "src\NRE.WpfEditor\NRE.WpfEditor.csproj", "{BA45B2AF-4EFB-4478-8211-A6283178AC52}"
EndProject
Project("{2150E333-8FDC-42A3-9474-1A3956D46DE8}") = "Structures", "Structures", "{DC7E7DB0-672C-59CD-78CE-C4883057BDE4}"
EndProject
Project("{2150E333-8FDC-42A3-9474-1A3956D46DE8}") = "V2", "V2", "{EC26D8FF-69AA-4127-9448-1AA69AB2C4A1}"
EndProject
Project("{FAE04EC0-301F-11D3-BF4B-00C04F79EFBC}") = "NeuralResonanceEngine.Structures.V2", "Structures\V2\NeuralResonanceEngine.Structures.V2.csproj", "{9A75801A-8EF4-4735-91A7-DC3595A0EAE5}"
EndProject
Project("{2150E333-8FDC-42A3-9474-1A3956D46DE8}") = "Protocol", "Protocol", "{473D39C9-61E3-EA25-6A91-EF6E7DA39358}"
EndProject
Project("{FAE04EC0-301F-11D3-BF4B-00C04F79EFBC}") = "NeuralResonanceEngine.Protocol", "Protocol\NeuralResonanceEngine.Protocol.csproj", "{F72CDA40-34A1-4CD8-8CD8-8ED4B6411F3D}"
EndProject
Project("{2150E333-8FDC-42A3-9474-1A3956D46DE8}") = "Shared.Contracts", "Shared.Contracts", "{B54CF45F-3FAE-3293-3DE6-CDE5E9A03881}"
EndProject
Project("{FAE04EC0-301F-11D3-BF4B-00C04F79EFBC}") = "NeuralResonanceEngine.Shared.Contracts", "Shared.Contracts\NeuralResonanceEngine.Shared.Contracts.csproj", "{55D46FD6-88EF-4147-A296-0220F5900C1E}"
EndProject
Project("{2150E333-8FDC-42A3-9474-1A3956D46DE8}") = "V4", "V4", "{08D4CBDB-16E6-A2DE-8321-B3608F901013}"
EndProject
Project("{FAE04EC0-301F-11D3-BF4B-00C04F79EFBC}") = "NeuralResonanceEngine.Structures.V4", "Structures\V4\NeuralResonanceEngine.Structures.V4.csproj", "{98B706AE-88F2-4DEC-AA65-16CC70415BC5}"
EndProject
Project("{2150E333-8FDC-42A3-9474-1A3956D46DE8}") = "MT", "MT", "{69D45371-9F6D-EE9B-C0E1-A99EB5D8C266}"
EndProject
Project("{FAE04EC0-301F-11D3-BF4B-00C04F79EFBC}") = "NeuralResonanceEngine.Structures.MT", "Structures\MT\NeuralResonanceEngine.Structures.MT.csproj", "{4F9B065E-08B8-441A-B43A-1F36E91BEA17}"
EndProject
Project("{2150E333-8FDC-42A3-9474-1A3956D46DE8}") = "PremotorCortex", "PremotorCortex", "{2ADB8926-EEA1-9D12-867C-120F12F01A01}"
EndProject
Project("{FAE04EC0-301F-11D3-BF4B-00C04F79EFBC}") = "NeuralResonanceEngine.Structures.PremotorCortex", "Structures\PremotorCortex\NeuralResonanceEngine.Structures.PremotorCortex.csproj", "{ABE56BFB-E48A-4E44-BAD6-22BA07163ED4}"
EndProject
Project("{2150E333-8FDC-42A3-9474-1A3956D46DE8}") = "ParahippocampalCortex", "ParahippocampalCortex", "{1E31D67B-D044-E569-46EB-437389C4A837}"
EndProject
Project("{FAE04EC0-301F-11D3-BF4B-00C04F79EFBC}") = "NeuralResonanceEngine.Structures.ParahippocampalCortex", "Structures\ParahippocampalCortex\NeuralResonanceEngine.Structures.ParahippocampalCortex.csproj", "{835F9323-AFB3-4FD0-800E-0C83CAD4306A}"
EndProject
Project("{2150E333-8FDC-42A3-9474-1A3956D46DE8}") = "PerirhinalCortex", "PerirhinalCortex", "{67189871-8C42-0AD6-FB13-1F9B38A3641F}"
EndProject
Project("{FAE04EC0-301F-11D3-BF4B-00C04F79EFBC}") = "NeuralResonanceEngine.Structures.PerirhinalCortex", "Structures\PerirhinalCortex\NeuralResonanceEngine.Structures.PerirhinalCortex.csproj", "{47B88B2B-9B73-414C-997E-23A8DCD784E5}"
EndProject
Project("{2150E333-8FDC-42A3-9474-1A3956D46DE8}") = "PosteriorCingulate", "PosteriorCingulate", "{0028B400-6354-6357-EACF-E80BFC2A56D0}"
EndProject
Project("{FAE04EC0-301F-11D3-BF4B-00C04F79EFBC}") = "NeuralResonanceEngine.Structures.PosteriorCingulate", "Structures\PosteriorCingulate\NeuralResonanceEngine.Structures.PosteriorCingulate.csproj", "{7F885C2F-49AF-4992-BF16-772B4A03F040}"
EndProject
Project("{2150E333-8FDC-42A3-9474-1A3956D46DE8}") = "RetrosplenialCortex", "RetrosplenialCortex", "{0B732013-A8D5-1713-BFC6-5128C3A45C63}"
EndProject
Project("{FAE04EC0-301F-11D3-BF4B-00C04F79EFBC}") = "NeuralResonanceEngine.Structures.RetrosplenialCortex", "Structures\RetrosplenialCortex\NeuralResonanceEngine.Structures.RetrosplenialCortex.csproj", "{51AC9B1C-2AB8-4B85-B30F-E71059DE6BFA}"
EndProject
Project("{2150E333-8FDC-42A3-9474-1A3956D46DE8}") = "NucleusAccumbens", "NucleusAccumbens", "{4FDCD8DF-ED18-383A-AA75-CBB32B64C733}"
EndProject
Project("{FAE04EC0-301F-11D3-BF4B-00C04F79EFBC}") = "NeuralResonanceEngine.Structures.NucleusAccumbens", "Structures\NucleusAccumbens\NeuralResonanceEngine.Structures.NucleusAccumbens.csproj", "{BF0EC313-088B-4B5A-B21F-05A121A6F5D2}"
EndProject
Project("{2150E333-8FDC-42A3-9474-1A3956D46DE8}") = "VentralPallidum", "VentralPallidum", "{DE1C85D2-C6F3-3DE2-4E88-F59D843530E0}"
EndProject
Project("{FAE04EC0-301F-11D3-BF4B-00C04F79EFBC}") = "NeuralResonanceEngine.Structures.VentralPallidum", "Structures\VentralPallidum\NeuralResonanceEngine.Structures.VentralPallidum.csproj", "{B90170B7-E252-4D99-B1FA-9BD1DFCF14A0}"
EndProject
Project("{2150E333-8FDC-42A3-9474-1A3956D46DE8}") = "Habenula", "Habenula", "{CAB8D78C-6DE7-68C5-CB65-3696E695ED99}"
EndProject
Project("{FAE04EC0-301F-11D3-BF4B-00C04F79EFBC}") = "NeuralResonanceEngine.Structures.Habenula", "Structures\Habenula\NeuralResonanceEngine.Structures.Habenula.csproj", "{D995BDC6-24C1-40DB-B03B-E6451089982C}"
EndProject
Project("{2150E333-8FDC-42A3-9474-1A3956D46DE8}") = "MotorThalamus", "MotorThalamus", "{6A8234AB-1772-5556-DC80-BBC59C57B77F}"
EndProject
Project("{FAE04EC0-301F-11D3-BF4B-00C04F79EFBC}") = "NeuralResonanceEngine.Structures.MotorThalamus", "Structures\MotorThalamus\NeuralResonanceEngine.Structures.MotorThalamus.csproj", "{126ED543-5B28-4715-AE91-F655C70C2DD6}"
EndProject
Project("{2150E333-8FDC-42A3-9474-1A3956D46DE8}") = "SuperiorColliculus", "SuperiorColliculus", "{F9EFD446-DCE2-BB18-7EBE-6776BDBF14A8}"
EndProject
Project("{FAE04EC0-301F-11D3-BF4B-00C04F79EFBC}") = "NeuralResonanceEngine.Structures.SuperiorColliculus", "Structures\SuperiorColliculus\NeuralResonanceEngine.Structures.SuperiorColliculus.csproj", "{E8C098DB-A472-468E-BE99-81B0EF549D37}"
EndProject
Project("{2150E333-8FDC-42A3-9474-1A3956D46DE8}") = "WernickePstgPsts", "WernickePstgPsts", "{837E07DC-CF87-3BBF-C1EB-2CE3C593DEDE}"
EndProject
Project("{FAE04EC0-301F-11D3-BF4B-00C04F79EFBC}") = "NeuralResonanceEngine.Structures.WernickePstgPsts", "Structures\WernickePstgPsts\NeuralResonanceEngine.Structures.WernickePstgPsts.csproj", "{B7B19CA9-89F3-4D5E-96F3-41D053563E80}"
EndProject
Project("{2150E333-8FDC-42A3-9474-1A3956D46DE8}") = "BrocaBa44Ba45", "BrocaBa44Ba45", "{93302321-4C58-2CC5-CBE1-DEC89083C774}"
EndProject
Project("{FAE04EC0-301F-11D3-BF4B-00C04F79EFBC}") = "NeuralResonanceEngine.Structures.BrocaBa44Ba45", "Structures\BrocaBa44Ba45\NeuralResonanceEngine.Structures.BrocaBa44Ba45.csproj", "{F0A1D975-D75C-430C-B096-DBEB59F54B10}"
EndProject
Project("{2150E333-8FDC-42A3-9474-1A3956D46DE8}") = "ArcuateFasciculus", "ArcuateFasciculus", "{00DD2E67-91B9-04B0-03C0-05F9017F1D10}"
EndProject
Project("{FAE04EC0-301F-11D3-BF4B-00C04F79EFBC}") = "NeuralResonanceEngine.Structures.ArcuateFasciculus", "Structures\ArcuateFasciculus\NeuralResonanceEngine.Structures.ArcuateFasciculus.csproj", "{C37CE39F-ED1B-4020-A603-D0CA16A14BDC}"
EndProject
Project("{2150E333-8FDC-42A3-9474-1A3956D46DE8}") = "SupramarginalAngular", "SupramarginalAngular", "{7CBE0D07-66F5-79EE-32DE-78A81B6F31CD}"
EndProject
Project("{FAE04EC0-301F-11D3-BF4B-00C04F79EFBC}") = "NeuralResonanceEngine.Structures.SupramarginalAngular", "Structures\SupramarginalAngular\NeuralResonanceEngine.Structures.SupramarginalAngular.csproj", "{B6C98A43-27AA-4AE8-8140-8BB2FEBE7551}"
EndProject
Project("{FAE04EC0-301F-11D3-BF4B-00C04F79EFBC}") = "NRE.WpfMazeSim", "src\NRE.WpfMazeSim\NRE.WpfMazeSim.csproj", "{71F5DB5F-1221-4787-9AAE-895FACE14C02}"
EndProject
Project("{2150E333-8FDC-42A3-9474-1A3956D46DE8}") = "Retina", "Retina", "{C297CC60-353A-B66B-6372-3706919B8E31}"
EndProject
Project("{FAE04EC0-301F-11D3-BF4B-00C04F79EFBC}") = "NeuralResonanceEngine.Structures.Retina", "Structures\Retina\NeuralResonanceEngine.Structures.Retina.csproj", "{210E6FA2-C843-4F9F-8E38-D2AB65FD32BD}"
EndProject
Project("{2150E333-8FDC-42A3-9474-1A3956D46DE8}") = "Cochlea", "Cochlea", "{4921A0BF-6DFD-A991-21EB-4E14447D92A2}"
EndProject
Project("{FAE04EC0-301F-11D3-BF4B-00C04F79EFBC}") = "NeuralResonanceEngine.Structures.Cochlea", "Structures\Cochlea\NeuralResonanceEngine.Structures.Cochlea.csproj", "{06BFA9B4-A949-4F3B-BD7A-C76804DB96DC}"
EndProject
Project("{2150E333-8FDC-42A3-9474-1A3956D46DE8}") = "CochlearNucleus", "CochlearNucleus", "{A74141C9-49DD-1819-0720-D841B91678F4}"
EndProject
Project("{FAE04EC0-301F-11D3-BF4B-00C04F79EFBC}") = "NeuralResonanceEngine.Structures.CochlearNucleus", "Structures\CochlearNucleus\NeuralResonanceEngine.Structures.CochlearNucleus.csproj", "{375F9B0B-A1B9-4B44-8D5F-ACFFA0B8E2CE}"
EndProject
Project("{2150E333-8FDC-42A3-9474-1A3956D46DE8}") = "SuperiorOlive", "SuperiorOlive", "{CBCE27B3-0597-C027-C507-244FA1ACC323}"
EndProject
Project("{FAE04EC0-301F-11D3-BF4B-00C04F79EFBC}") = "NeuralResonanceEngine.Structures.SuperiorOlive", "Structures\SuperiorOlive\NeuralResonanceEngine.Structures.SuperiorOlive.csproj", "{D7C78D8A-A8C3-45CC-AEE1-DD6ED4C0BF77}"
EndProject
Project("{2150E333-8FDC-42A3-9474-1A3956D46DE8}") = "InferiorColliculus", "InferiorColliculus", "{A0DBEECA-63B5-CBB2-9B45-4D8650805382}"
EndProject
Project("{FAE04EC0-301F-11D3-BF4B-00C04F79EFBC}") = "NeuralResonanceEngine.Structures.InferiorColliculus", "Structures\InferiorColliculus\NeuralResonanceEngine.Structures.InferiorColliculus.csproj", "{7776ED1D-250A-45FB-AD0A-4D5ABE8E1FD3}"
EndProject
Project("{2150E333-8FDC-42A3-9474-1A3956D46DE8}") = "VestibularNuclei", "VestibularNuclei", "{CD670CC3-9995-3D20-3208-4A2B0CB95167}"
EndProject
Project("{FAE04EC0-301F-11D3-BF4B-00C04F79EFBC}") = "NeuralResonanceEngine.Structures.VestibularNuclei", "Structures\VestibularNuclei\NeuralResonanceEngine.Structures.VestibularNuclei.csproj", "{AE5BD7CA-75B9-4E30-BED4-7295356BF344}"
EndProject
Project("{2150E333-8FDC-42A3-9474-1A3956D46DE8}") = "NucleusTractusSolitarius", "NucleusTractusSolitarius", "{93C163E9-613E-E1BD-5FD7-125EF18DD836}"
EndProject
Project("{FAE04EC0-301F-11D3-BF4B-00C04F79EFBC}") = "NeuralResonanceEngine.Structures.NucleusTractusSolitarius", "Structures\NucleusTractusSolitarius\NeuralResonanceEngine.Structures.NucleusTractusSolitarius.csproj", "{C176C87A-9AD0-429E-8815-D349B9FA8F72}"
EndProject
Project("{2150E333-8FDC-42A3-9474-1A3956D46DE8}") = "ReticularFormation", "ReticularFormation", "{20FD5259-80AD-BC11-C09B-49DA4E2165FC}"
EndProject
Project("{FAE04EC0-301F-11D3-BF4B-00C04F79EFBC}") = "NeuralResonanceEngine.Structures.ReticularFormation", "Structures\ReticularFormation\NeuralResonanceEngine.Structures.ReticularFormation.csproj", "{3B288655-8345-4DCC-B0E6-EBF08352747C}"
EndProject
Project("{2150E333-8FDC-42A3-9474-1A3956D46DE8}") = "PeriaqueductalGray", "PeriaqueductalGray", "{C80E4B5D-3B43-C398-0869-89CA2192A85C}"
EndProject
Project("{FAE04EC0-301F-11D3-BF4B-00C04F79EFBC}") = "NeuralResonanceEngine.Structures.PeriaqueductalGray", "Structures\PeriaqueductalGray\NeuralResonanceEngine.Structures.PeriaqueductalGray.csproj", "{B69A6748-C144-4855-8DDE-0E7401E66A65}"
EndProject
Project("{2150E333-8FDC-42A3-9474-1A3956D46DE8}") = "SpinalCordMotor", "SpinalCordMotor", "{B467A677-08A3-6745-4A47-A6A5AE899A3D}"
EndProject
Project("{FAE04EC0-301F-11D3-BF4B-00C04F79EFBC}") = "NeuralResonanceEngine.Structures.SpinalCordMotor", "Structures\SpinalCordMotor\NeuralResonanceEngine.Structures.SpinalCordMotor.csproj", "{73CECBAD-0AEE-4AA8-B0A4-69988AA807FF}"
EndProject
Project("{2150E333-8FDC-42A3-9474-1A3956D46DE8}") = "ControlProgram", "ControlProgram", "{28758985-4034-FB9F-34AE-A7B77C29CFA2}"
EndProject
Project("{FAE04EC0-301F-11D3-BF4B-00C04F79EFBC}") = "NeuralResonanceEngine.ControlProgram", "ControlProgram\NeuralResonanceEngine.ControlProgram.csproj", "{FF6795AF-6BFA-427F-8C20-EBB413C902F5}"
EndProject
Project("{FAE04EC0-301F-11D3-BF4B-00C04F79EFBC}") = "NRE.WpfWorldSim", "src\NRE.WpfWorldSim\NRE.WpfWorldSim.csproj", "{6D95F637-D38C-4577-8F24-DA3BA6DDB8E4}"
EndProject
Global
	GlobalSection(SolutionConfigurationPlatforms) = preSolution
		Debug|Any CPU = Debug|Any CPU
		Debug|x64 = Debug|x64
		Debug|x86 = Debug|x86
		Release|Any CPU = Release|Any CPU
		Release|x64 = Release|x64
		Release|x86 = Release|x86
	EndGlobalSection
	GlobalSection(ProjectConfigurationPlatforms) = postSolution
		{9A3A3F28-9F52-4DA2-8B34-1E3F6C1A1D01}.Debug|Any CPU.ActiveCfg = Debug|Any CPU
		{9A3A3F28-9F52-4DA2-8B34-1E3F6C1A1D01}.Debug|Any CPU.Build.0 = Debug|Any CPU
		{9A3A3F28-9F52-4DA2-8B34-1E3F6C1A1D01}.Debug|x64.ActiveCfg = Debug|Any CPU
		{9A3A3F28-9F52-4DA2-8B34-1E3F6C1A1D01}.Debug|x64.Build.0 = Debug|Any CPU
		{9A3A3F28-9F52-4DA2-8B34-1E3F6C1A1D01}.Debug|x86.ActiveCfg = Debug|Any CPU
		{9A3A3F28-9F52-4DA2-8B34-1E3F6C1A1D01}.Debug|x86.Build.0 = Debug|Any CPU
		{9A3A3F28-9F52-4DA2-8B34-1E3F6C1A1D01}.Release|Any CPU.ActiveCfg = Release|Any CPU
		{9A3A3F28-9F52-4DA2-8B34-1E3F6C1A1D01}.Release|Any CPU.Build.0 = Release|Any CPU
		{9A3A3F28-9F52-4DA2-8B34-1E3F6C1A1D01}.Release|x64.ActiveCfg = Release|Any CPU
		{9A3A3F28-9F52-4DA2-8B34-1E3F6C1A1D01}.Release|x64.Build.0 = Release|Any CPU
		{9A3A3F28-9F52-4DA2-8B34-1E3F6C1A1D01}.Release|x86.ActiveCfg = Release|Any CPU
		{9A3A3F28-9F52-4DA2-8B34-1E3F6C1A1D01}.Release|x86.Build.0 = Release|Any CPU
		{4858400B-53C7-4AA9-A378-1ACB5D5BBD7F}.Debug|Any CPU.ActiveCfg = Debug|Any CPU
		{4858400B-53C7-4AA9-A378-1ACB5D5BBD7F}.Debug|Any CPU.Build.0 = Debug|Any CPU
		{4858400B-53C7-4AA9-A378-1ACB5D5BBD7F}.Debug|x64.ActiveCfg = Debug|Any CPU
		{4858400B-53C7-4AA9-A378-1ACB5D5BBD7F}.Debug|x64.Build.0 = Debug|Any CPU
		{4858400B-53C7-4AA9-A378-1ACB5D5BBD7F}.Debug|x86.ActiveCfg = Debug|Any CPU
		{4858400B-53C7-4AA9-A378-1ACB5D5BBD7F}.Debug|x86.Build.0 = Debug|Any CPU
		{4858400B-53C7-4AA9-A378-1ACB5D5BBD7F}.Release|Any CPU.ActiveCfg = Release|Any CPU
		{4858400B-53C7-4AA9-A378-1ACB5D5BBD7F}.Release|Any CPU.Build.0 = Release|Any CPU
		{4858400B-53C7-4AA9-A378-1ACB5D5BBD7F}.Release|x64.ActiveCfg = Release|Any CPU
		{4858400B-53C7-4AA9-A378-1ACB5D5BBD7F}.Release|x64.Build.0 = Release|Any CPU
		{4858400B-53C7-4AA9-A378-1ACB5D5BBD7F}.Release|x86.ActiveCfg = Release|Any CPU
		{4858400B-53C7-4AA9-A378-1ACB5D5BBD7F}.Release|x86.Build.0 = Release|Any CPU
		{B73D2C5D-2D0D-4B3A-9F4A-0A0D2D7D90C7}.Debug|Any CPU.ActiveCfg = Debug|Any CPU
		{B73D2C5D-2D0D-4B3A-9F4A-0A0D2D7D90C7}.Debug|Any CPU.Build.0 = Debug|Any CPU
		{B73D2C5D-2D0D-4B3A-9F4A-0A0D2D7D90C7}.Debug|x64.ActiveCfg = Debug|Any CPU
		{B73D2C5D-2D0D-4B3A-9F4A-0A0D2D7D90C7}.Debug|x64.Build.0 = Debug|Any CPU
		{B73D2C5D-2D0D-4B3A-9F4A-0A0D2D7D90C7}.Debug|x86.ActiveCfg = Debug|Any CPU
		{B73D2C5D-2D0D-4B3A-9F4A-0A0D2D7D90C7}.Debug|x86.Build.0 = Debug|Any CPU
		{B73D2C5D-2D0D-4B3A-9F4A-0A0D2D7D90C7}.Release|Any CPU.ActiveCfg = Release|Any CPU
		{B73D2C5D-2D0D-4B3A-9F4A-0A0D2D7D90C7}.Release|Any CPU.Build.0 = Release|Any CPU
		{B73D2C5D-2D0D-4B3A-9F4A-0A0D2D7D90C7}.Release|x64.ActiveCfg = Release|Any CPU
		{B73D2C5D-2D0D-4B3A-9F4A-0A0D2D7D90C7}.Release|x64.Build.0 = Release|Any CPU
		{B73D2C5D-2D0D-4B3A-9F4A-0A0D2D7D90C7}.Release|x86.ActiveCfg = Release|Any CPU
		{B73D2C5D-2D0D-4B3A-9F4A-0A0D2D7D90C7}.Release|x86.Build.0 = Release|Any CPU
		{D8F3C6A1-0E53-4EE9-9F9E-9E5CE6E3D4C3}.Debug|Any CPU.ActiveCfg = Debug|Any CPU
		{D8F3C6A1-0E53-4EE9-9F9E-9E5CE6E3D4C3}.Debug|Any CPU.Build.0 = Debug|Any CPU
		{D8F3C6A1-0E53-4EE9-9F9E-9E5CE6E3D4C3}.Debug|x64.ActiveCfg = Debug|Any CPU
		{D8F3C6A1-0E53-4EE9-9F9E-9E5CE6E3D4C3}.Debug|x64.Build.0 = Debug|Any CPU
		{D8F3C6A1-0E53-4EE9-9F9E-9E5CE6E3D4C3}.Debug|x86.ActiveCfg = Debug|Any CPU
		{D8F3C6A1-0E53-4EE9-9F9E-9E5CE6E3D4C3}.Debug|x86.Build.0 = Debug|Any CPU
		{D8F3C6A1-0E53-4EE9-9F9E-9E5CE6E3D4C3}.Release|Any CPU.ActiveCfg = Release|Any CPU
		{D8F3C6A1-0E53-4EE9-9F9E-9E5CE6E3D4C3}.Release|Any CPU.Build.0 = Release|Any CPU
		{D8F3C6A1-0E53-4EE9-9F9E-9E5CE6E3D4C3}.Release|x64.ActiveCfg = Release|Any CPU
		{D8F3C6A1-0E53-4EE9-9F9E-9E5CE6E3D4C3}.Release|x64.Build.0 = Release|Any CPU
		{D8F3C6A1-0E53-4EE9-9F9E-9E5CE6E3D4C3}.Release|x86.ActiveCfg = Release|Any CPU
		{D8F3C6A1-0E53-4EE9-9F9E-9E5CE6E3D4C3}.Release|x86.Build.0 = Release|Any CPU
		{FDDC62B7-0269-49AD-86E6-A84949C364F7}.Debug|Any CPU.ActiveCfg = Debug|Any CPU
		{FDDC62B7-0269-49AD-86E6-A84949C364F7}.Debug|Any CPU.Build.0 = Debug|Any CPU
		{FDDC62B7-0269-49AD-86E6-A84949C364F7}.Debug|x64.ActiveCfg = Debug|Any CPU
		{FDDC62B7-0269-49AD-86E6-A84949C364F7}.Debug|x64.Build.0 = Debug|Any CPU
		{FDDC62B7-0269-49AD-86E6-A84949C364F7}.Debug|x86.ActiveCfg = Debug|Any CPU
		{FDDC62B7-0269-49AD-86E6-A84949C364F7}.Debug|x86.Build.0 = Debug|Any CPU
		{FDDC62B7-0269-49AD-86E6-A84949C364F7}.Release|Any CPU.ActiveCfg = Release|Any CPU
		{FDDC62B7-0269-49AD-86E6-A84949C364F7}.Release|Any CPU.Build.0 = Release|Any CPU
		{FDDC62B7-0269-49AD-86E6-A84949C364F7}.Release|x64.ActiveCfg = Release|Any CPU
		{FDDC62B7-0269-49AD-86E6-A84949C364F7}.Release|x64.Build.0 = Release|Any CPU
		{FDDC62B7-0269-49AD-86E6-A84949C364F7}.Release|x86.ActiveCfg = Release|Any CPU
		{FDDC62B7-0269-49AD-86E6-A84949C364F7}.Release|x86.Build.0 = Release|Any CPU
		{BA45B2AF-4EFB-4478-8211-A6283178AC52}.Debug|Any CPU.ActiveCfg = Debug|Any CPU
		{BA45B2AF-4EFB-4478-8211-A6283178AC52}.Debug|Any CPU.Build.0 = Debug|Any CPU
		{BA45B2AF-4EFB-4478-8211-A6283178AC52}.Debug|x64.ActiveCfg = Debug|Any CPU
		{BA45B2AF-4EFB-4478-8211-A6283178AC52}.Debug|x64.Build.0 = Debug|Any CPU
		{BA45B2AF-4EFB-4478-8211-A6283178AC52}.Debug|x86.ActiveCfg = Debug|Any CPU
		{BA45B2AF-4EFB-4478-8211-A6283178AC52}.Debug|x86.Build.0 = Debug|Any CPU
		{BA45B2AF-4EFB-4478-8211-A6283178AC52}.Release|Any CPU.ActiveCfg = Release|Any CPU
		{BA45B2AF-4EFB-4478-8211-A6283178AC52}.Release|Any CPU.Build.0 = Release|Any CPU
		{BA45B2AF-4EFB-4478-8211-A6283178AC52}.Release|x64.ActiveCfg = Release|Any CPU
		{BA45B2AF-4EFB-4478-8211-A6283178AC52}.Release|x64.Build.0 = Release|Any CPU
		{BA45B2AF-4EFB-4478-8211-A6283178AC52}.Release|x86.ActiveCfg = Release|Any CPU
		{BA45B2AF-4EFB-4478-8211-A6283178AC52}.Release|x86.Build.0 = Release|Any CPU
		{9A75801A-8EF4-4735-91A7-DC3595A0EAE5}.Debug|Any CPU.ActiveCfg = Debug|Any CPU
		{9A75801A-8EF4-4735-91A7-DC3595A0EAE5}.Debug|Any CPU.Build.0 = Debug|Any CPU
		{9A75801A-8EF4-4735-91A7-DC3595A0EAE5}.Debug|x64.ActiveCfg = Debug|Any CPU
		{9A75801A-8EF4-4735-91A7-DC3595A0EAE5}.Debug|x64.Build.0 = Debug|Any CPU
		{9A75801A-8EF4-4735-91A7-DC3595A0EAE5}.Debug|x86.ActiveCfg = Debug|Any CPU
		{9A75801A-8EF4-4735-91A7-DC3595A0EAE5}.Debug|x86.Build.0 = Debug|Any CPU
		{9A75801A-8EF4-4735-91A7-DC3595A0EAE5}.Release|Any CPU.ActiveCfg = Release|Any CPU
		{9A75801A-8EF4-4735-91A7-DC3595A0EAE5}.Release|Any CPU.Build.0 = Release|Any CPU
		{9A75801A-8EF4-4735-91A7-DC3595A0EAE5}.Release|x64.ActiveCfg = Release|Any CPU
		{9A75801A-8EF4-4735-91A7-DC3595A0EAE5}.Release|x64.Build.0 = Release|Any CPU
		{9A75801A-8EF4-4735-91A7-DC3595A0EAE5}.Release|x86.ActiveCfg = Release|Any CPU
		{9A75801A-8EF4-4735-91A7-DC3595A0EAE5}.Release|x86.Build.0 = Release|Any CPU
		{F72CDA40-34A1-4CD8-8CD8-8ED4B6411F3D}.Debug|Any CPU.ActiveCfg = Debug|Any CPU
		{F72CDA40-34A1-4CD8-8CD8-8ED4B6411F3D}.Debug|Any CPU.Build.0 = Debug|Any CPU
		{F72CDA40-34A1-4CD8-8CD8-8ED4B6411F3D}.Debug|x64.ActiveCfg = Debug|Any CPU
		{F72CDA40-34A1-4CD8-8CD8-8ED4B6411F3D}.Debug|x64.Build.0 = Debug|Any CPU
		{F72CDA40-34A1-4CD8-8CD8-8ED4B6411F3D}.Debug|x86.ActiveCfg = Debug|Any CPU
		{F72CDA40-34A1-4CD8-8CD8-8ED4B6411F3D}.Debug|x86.Build.0 = Debug|Any CPU
		{F72CDA40-34A1-4CD8-8CD8-8ED4B6411F3D}.Release|Any CPU.ActiveCfg = Release|Any CPU
		{F72CDA40-34A1-4CD8-8CD8-8ED4B6411F3D}.Release|Any CPU.Build.0 = Release|Any CPU
		{F72CDA40-34A1-4CD8-8CD8-8ED4B6411F3D}.Release|x64.ActiveCfg = Release|Any CPU
		{F72CDA40-34A1-4CD8-8CD8-8ED4B6411F3D}.Release|x64.Build.0 = Release|Any CPU
		{F72CDA40-34A1-4CD8-8CD8-8ED4B6411F3D}.Release|x86.ActiveCfg = Release|Any CPU
		{F72CDA40-34A1-4CD8-8CD8-8ED4B6411F3D}.Release|x86.Build.0 = Release|Any CPU
		{55D46FD6-88EF-4147-A296-0220F5900C1E}.Debug|Any CPU.ActiveCfg = Debug|Any CPU
		{55D46FD6-88EF-4147-A296-0220F5900C1E}.Debug|Any CPU.Build.0 = Debug|Any CPU
		{55D46FD6-88EF-4147-A296-0220F5900C1E}.Debug|x64.ActiveCfg = Debug|Any CPU
		{55D46FD6-88EF-4147-A296-0220F5900C1E}.Debug|x64.Build.0 = Debug|Any CPU
		{55D46FD6-88EF-4147-A296-0220F5900C1E}.Debug|x86.ActiveCfg = Debug|Any CPU
		{55D46FD6-88EF-4147-A296-0220F5900C1E}.Debug|x86.Build.0 = Debug|Any CPU
		{55D46FD6-88EF-4147-A296-0220F5900C1E}.Release|Any CPU.ActiveCfg = Release|Any CPU
		{55D46FD6-88EF-4147-A296-0220F5900C1E}.Release|Any CPU.Build.0 = Release|Any CPU
		{55D46FD6-88EF-4147-A296-0220F5900C1E}.Release|x64.ActiveCfg = Release|Any CPU
		{55D46FD6-88EF-4147-A296-0220F5900C1E}.Release|x64.Build.0 = Release|Any CPU
		{55D46FD6-88EF-4147-A296-0220F5900C1E}.Release|x86.ActiveCfg = Release|Any CPU
		{55D46FD6-88EF-4147-A296-0220F5900C1E}.Release|x86.Build.0 = Release|Any CPU
		{98B706AE-88F2-4DEC-AA65-16CC70415BC5}.Debug|Any CPU.ActiveCfg = Debug|Any CPU
		{98B706AE-88F2-4DEC-AA65-16CC70415BC5}.Debug|Any CPU.Build.0 = Debug|Any CPU
		{98B706AE-88F2-4DEC-AA65-16CC70415BC5}.Debug|x64.ActiveCfg = Debug|Any CPU
		{98B706AE-88F2-4DEC-AA65-16CC70415BC5}.Debug|x64.Build.0 = Debug|Any CPU
		{98B706AE-88F2-4DEC-AA65-16CC70415BC5}.Debug|x86.ActiveCfg = Debug|Any CPU
		{98B706AE-88F2-4DEC-AA65-16CC70415BC5}.Debug|x86.Build.0 = Debug|Any CPU
		{98B706AE-88F2-4DEC-AA65-16CC70415BC5}.Release|Any CPU.ActiveCfg = Release|Any CPU
		{98B706AE-88F2-4DEC-AA65-16CC70415BC5}.Release|Any CPU.Build.0 = Release|Any CPU
		{98B706AE-88F2-4DEC-AA65-16CC70415BC5}.Release|x64.ActiveCfg = Release|Any CPU
		{98B706AE-88F2-4DEC-AA65-16CC70415BC5}.Release|x64.Build.0 = Release|Any CPU
		{98B706AE-88F2-4DEC-AA65-16CC70415BC5}.Release|x86.ActiveCfg = Release|Any CPU
		{98B706AE-88F2-4DEC-AA65-16CC70415BC5}.Release|x86.Build.0 = Release|Any CPU
		{4F9B065E-08B8-441A-B43A-1F36E91BEA17}.Debug|Any CPU.ActiveCfg = Debug|Any CPU
		{4F9B065E-08B8-441A-B43A-1F36E91BEA17}.Debug|Any CPU.Build.0 = Debug|Any CPU
		{4F9B065E-08B8-441A-B43A-1F36E91BEA17}.Debug|x64.ActiveCfg = Debug|Any CPU
		{4F9B065E-08B8-441A-B43A-1F36E91BEA17}.Debug|x64.Build.0 = Debug|Any CPU
		{4F9B065E-08B8-441A-B43A-1F36E91BEA17}.Debug|x86.ActiveCfg = Debug|Any CPU
		{4F9B065E-08B8-441A-B43A-1F36E91BEA17}.Debug|x86.Build.0 = Debug|Any CPU
		{4F9B065E-08B8-441A-B43A-1F36E91BEA17}.Release|Any CPU.ActiveCfg = Release|Any CPU
		{4F9B065E-08B8-441A-B43A-1F36E91BEA17}.Release|Any CPU.Build.0 = Release|Any CPU
		{4F9B065E-08B8-441A-B43A-1F36E91BEA17}.Release|x64.ActiveCfg = Release|Any CPU
		{4F9B065E-08B8-441A-B43A-1F36E91BEA17}.Release|x64.Build.0 = Release|Any CPU
		{4F9B065E-08B8-441A-B43A-1F36E91BEA17}.Release|x86.ActiveCfg = Release|Any CPU
		{4F9B065E-08B8-441A-B43A-1F36E91BEA17}.Release|x86.Build.0 = Release|Any CPU
		{ABE56BFB-E48A-4E44-BAD6-22BA07163ED4}.Debug|Any CPU.ActiveCfg = Debug|Any CPU
		{ABE56BFB-E48A-4E44-BAD6-22BA07163ED4}.Debug|Any CPU.Build.0 = Debug|Any CPU
		{ABE56BFB-E48A-4E44-BAD6-22BA07163ED4}.Debug|x64.ActiveCfg = Debug|Any CPU
		{ABE56BFB-E48A-4E44-BAD6-22BA07163ED4}.Debug|x64.Build.0 = Debug|Any CPU
		{ABE56BFB-E48A-4E44-BAD6-22BA07163ED4}.Debug|x86.ActiveCfg = Debug|Any CPU
		{ABE56BFB-E48A-4E44-BAD6-22BA07163ED4}.Debug|x86.Build.0 = Debug|Any CPU
		{ABE56BFB-E48A-4E44-BAD6-22BA07163ED4}.Release|Any CPU.ActiveCfg = Release|Any CPU
		{ABE56BFB-E48A-4E44-BAD6-22BA07163ED4}.Release|Any CPU.Build.0 = Release|Any CPU
		{ABE56BFB-E48A-4E44-BAD6-22BA07163ED4}.Release|x64.ActiveCfg = Release|Any CPU
		{ABE56BFB-E48A-4E44-BAD6-22BA07163ED4}.Release|x64.Build.0 = Release|Any CPU
		{ABE56BFB-E48A-4E44-BAD6-22BA07163ED4}.Release|x86.ActiveCfg = Release|Any CPU
		{ABE56BFB-E48A-4E44-BAD6-22BA07163ED4}.Release|x86.Build.0 = Release|Any CPU
		{835F9323-AFB3-4FD0-800E-0C83CAD4306A}.Debug|Any CPU.ActiveCfg = Debug|Any CPU
		{835F9323-AFB3-4FD0-800E-0C83CAD4306A}.Debug|Any CPU.Build.0 = Debug|Any CPU
		{835F9323-AFB3-4FD0-800E-0C83CAD4306A}.Debug|x64.ActiveCfg = Debug|Any CPU
		{835F9323-AFB3-4FD0-800E-0C83CAD4306A}.Debug|x64.Build.0 = Debug|Any CPU
		{835F9323-AFB3-4FD0-800E-0C83CAD4306A}.Debug|x86.ActiveCfg = Debug|Any CPU
		{835F9323-AFB3-4FD0-800E-0C83CAD4306A}.Debug|x86.Build.0 = Debug|Any CPU
		{835F9323-AFB3-4FD0-800E-0C83CAD4306A}.Release|Any CPU.ActiveCfg = Release|Any CPU
		{835F9323-AFB3-4FD0-800E-0C83CAD4306A}.Release|Any CPU.Build.0 = Release|Any CPU
		{835F9323-AFB3-4FD0-800E-0C83CAD4306A}.Release|x64.ActiveCfg = Release|Any CPU
		{835F9323-AFB3-4FD0-800E-0C83CAD4306A}.Release|x64.Build.0 = Release|Any CPU
		{835F9323-AFB3-4FD0-800E-0C83CAD4306A}.Release|x86.ActiveCfg = Release|Any CPU
		{835F9323-AFB3-4FD0-800E-0C83CAD4306A}.Release|x86.Build.0 = Release|Any CPU
		{47B88B2B-9B73-414C-997E-23A8DCD784E5}.Debug|Any CPU.ActiveCfg = Debug|Any CPU
		{47B88B2B-9B73-414C-997E-23A8DCD784E5}.Debug|Any CPU.Build.0 = Debug|Any CPU
		{47B88B2B-9B73-414C-997E-23A8DCD784E5}.Debug|x64.ActiveCfg = Debug|Any CPU
		{47B88B2B-9B73-414C-997E-23A8DCD784E5}.Debug|x64.Build.0 = Debug|Any CPU
		{47B88B2B-9B73-414C-997E-23A8DCD784E5}.Debug|x86.ActiveCfg = Debug|Any CPU
		{47B88B2B-9B73-414C-997E-23A8DCD784E5}.Debug|x86.Build.0 = Debug|Any CPU
		{47B88B2B-9B73-414C-997E-23A8DCD784E5}.Release|Any CPU.ActiveCfg = Release|Any CPU
		{47B88B2B-9B73-414C-997E-23A8DCD784E5}.Release|Any CPU.Build.0 = Release|Any CPU
		{47B88B2B-9B73-414C-997E-23A8DCD784E5}.Release|x64.ActiveCfg = Release|Any CPU
		{47B88B2B-9B73-414C-997E-23A8DCD784E5}.Release|x64.Build.0 = Release|Any CPU
		{47B88B2B-9B73-414C-997E-23A8DCD784E5}.Release|x86.ActiveCfg = Release|Any CPU
		{47B88B2B-9B73-414C-997E-23A8DCD784E5}.Release|x86.Build.0 = Release|Any CPU
		{7F885C2F-49AF-4992-BF16-772B4A03F040}.Debug|Any CPU.ActiveCfg = Debug|Any CPU
		{7F885C2F-49AF-4992-BF16-772B4A03F040}.Debug|Any CPU.Build.0 = Debug|Any CPU
		{7F885C2F-49AF-4992-BF16-772B4A03F040}.Debug|x64.ActiveCfg = Debug|Any CPU
		{7F885C2F-49AF-4992-BF16-772B4A03F040}.Debug|x64.Build.0 = Debug|Any CPU
		{7F885C2F-49AF-4992-BF16-772B4A03F040}.Debug|x86.ActiveCfg = Debug|Any CPU
		{7F885C2F-49AF-4992-BF16-772B4A03F040}.Debug|x86.Build.0 = Debug|Any CPU
		{7F885C2F-49AF-4992-BF16-772B4A03F040}.Release|Any CPU.ActiveCfg = Release|Any CPU
		{7F885C2F-49AF-4992-BF16-772B4A03F040}.Release|Any CPU.Build.0 = Release|Any CPU
		{7F885C2F-49AF-4992-BF16-772B4A03F040}.Release|x64.ActiveCfg = Release|Any CPU
		{7F885C2F-49AF-4992-BF16-772B4A03F040}.Release|x64.Build.0 = Release|Any CPU
		{7F885C2F-49AF-4992-BF16-772B4A03F040}.Release|x86.ActiveCfg = Release|Any CPU
		{7F885C2F-49AF-4992-BF16-772B4A03F040}.Release|x86.Build.0 = Release|Any CPU
		{51AC9B1C-2AB8-4B85-B30F-E71059DE6BFA}.Debug|Any CPU.ActiveCfg = Debug|Any CPU
		{51AC9B1C-2AB8-4B85-B30F-E71059DE6BFA}.Debug|Any CPU.Build.0 = Debug|Any CPU
		{51AC9B1C-2AB8-4B85-B30F-E71059DE6BFA}.Debug|x64.ActiveCfg = Debug|Any CPU
		{51AC9B1C-2AB8-4B85-B30F-E71059DE6BFA}.Debug|x64.Build.0 = Debug|Any CPU
		{51AC9B1C-2AB8-4B85-B30F-E71059DE6BFA}.Debug|x86.ActiveCfg = Debug|Any CPU
		{51AC9B1C-2AB8-4B85-B30F-E71059DE6BFA}.Debug|x86.Build.0 = Debug|Any CPU
		{51AC9B1C-2AB8-4B85-B30F-E71059DE6BFA}.Release|Any CPU.ActiveCfg = Release|Any CPU
		{51AC9B1C-2AB8-4B85-B30F-E71059DE6BFA}.Release|Any CPU.Build.0 = Release|Any CPU
		{51AC9B1C-2AB8-4B85-B30F-E71059DE6BFA}.Release|x64.ActiveCfg = Release|Any CPU
		{51AC9B1C-2AB8-4B85-B30F-E71059DE6BFA}.Release|x64.Build.0 = Release|Any CPU
		{51AC9B1C-2AB8-4B85-B30F-E71059DE6BFA}.Release|x86.ActiveCfg = Release|Any CPU
		{51AC9B1C-2AB8-4B85-B30F-E71059DE6BFA}.Release|x86.Build.0 = Release|Any CPU
		{BF0EC313-088B-4B5A-B21F-05A121A6F5D2}.Debug|Any CPU.ActiveCfg = Debug|Any CPU
		{BF0EC313-088B-4B5A-B21F-05A121A6F5D2}.Debug|Any CPU.Build.0 = Debug|Any CPU
		{BF0EC313-088B-4B5A-B21F-05A121A6F5D2}.Debug|x64.ActiveCfg = Debug|Any CPU
		{BF0EC313-088B-4B5A-B21F-05A121A6F5D2}.Debug|x64.Build.0 = Debug|Any CPU
		{BF0EC313-088B-4B5A-B21F-05A121A6F5D2}.Debug|x86.ActiveCfg = Debug|Any CPU
		{BF0EC313-088B-4B5A-B21F-05A121A6F5D2}.Debug|x86.Build.0 = Debug|Any CPU
		{BF0EC313-088B-4B5A-B21F-05A121A6F5D2}.Release|Any CPU.ActiveCfg = Release|Any CPU
		{BF0EC313-088B-4B5A-B21F-05A121A6F5D2}.Release|Any CPU.Build.0 = Release|Any CPU
		{BF0EC313-088B-4B5A-B21F-05A121A6F5D2}.Release|x64.ActiveCfg = Release|Any CPU
		{BF0EC313-088B-4B5A-B21F-05A121A6F5D2}.Release|x64.Build.0 = Release|Any CPU
		{BF0EC313-088B-4B5A-B21F-05A121A6F5D2}.Release|x86.ActiveCfg = Release|Any CPU
		{BF0EC313-088B-4B5A-B21F-05A121A6F5D2}.Release|x86.Build.0 = Release|Any CPU
		{B90170B7-E252-4D99-B1FA-9BD1DFCF14A0}.Debug|Any CPU.ActiveCfg = Debug|Any CPU
		{B90170B7-E252-4D99-B1FA-9BD1DFCF14A0}.Debug|Any CPU.Build.0 = Debug|Any CPU
		{B90170B7-E252-4D99-B1FA-9BD1DFCF14A0}.Debug|x64.ActiveCfg = Debug|Any CPU
		{B90170B7-E252-4D99-B1FA-9BD1DFCF14A0}.Debug|x64.Build.0 = Debug|Any CPU
		{B90170B7-E252-4D99-B1FA-9BD1DFCF14A0}.Debug|x86.ActiveCfg = Debug|Any CPU
		{B90170B7-E252-4D99-B1FA-9BD1DFCF14A0}.Debug|x86.Build.0 = Debug|Any CPU
		{B90170B7-E252-4D99-B1FA-9BD1DFCF14A0}.Release|Any CPU.ActiveCfg = Release|Any CPU
		{B90170B7-E252-4D99-B1FA-9BD1DFCF14A0}.Release|Any CPU.Build.0 = Release|Any CPU
		{B90170B7-E252-4D99-B1FA-9BD1DFCF14A0}.Release|x64.ActiveCfg = Release|Any CPU
		{B90170B7-E252-4D99-B1FA-9BD1DFCF14A0}.Release|x64.Build.0 = Release|Any CPU
		{B90170B7-E252-4D99-B1FA-9BD1DFCF14A0}.Release|x86.ActiveCfg = Release|Any CPU
		{B90170B7-E252-4D99-B1FA-9BD1DFCF14A0}.Release|x86.Build.0 = Release|Any CPU
		{D995BDC6-24C1-40DB-B03B-E6451089982C}.Debug|Any CPU.ActiveCfg = Debug|Any CPU
		{D995BDC6-24C1-40DB-B03B-E6451089982C}.Debug|Any CPU.Build.0 = Debug|Any CPU
		{D995BDC6-24C1-40DB-B03B-E6451089982C}.Debug|x64.ActiveCfg = Debug|Any CPU
		{D995BDC6-24C1-40DB-B03B-E6451089982C}.Debug|x64.Build.0 = Debug|Any CPU
		{D995BDC6-24C1-40DB-B03B-E6451089982C}.Debug|x86.ActiveCfg = Debug|Any CPU
		{D995BDC6-24C1-40DB-B03B-E6451089982C}.Debug|x86.Build.0 = Debug|Any CPU
		{D995BDC6-24C1-40DB-B03B-E6451089982C}.Release|Any CPU.ActiveCfg = Release|Any CPU
		{D995BDC6-24C1-40DB-B03B-E6451089982C}.Release|Any CPU.Build.0 = Release|Any CPU
		{D995BDC6-24C1-40DB-B03B-E6451089982C}.Release|x64.ActiveCfg = Release|Any CPU
		{D995BDC6-24C1-40DB-B03B-E6451089982C}.Release|x64.Build.0 = Release|Any CPU
		{D995BDC6-24C1-40DB-B03B-E6451089982C}.Release|x86.ActiveCfg = Release|Any CPU
		{D995BDC6-24C1-40DB-B03B-E6451089982C}.Release|x86.Build.0 = Release|Any CPU
		{126ED543-5B28-4715-AE91-F655C70C2DD6}.Debug|Any CPU.ActiveCfg = Debug|Any CPU
		{126ED543-5B28-4715-AE91-F655C70C2DD6}.Debug|Any CPU.Build.0 = Debug|Any CPU
		{126ED543-5B28-4715-AE91-F655C70C2DD6}.Debug|x64.ActiveCfg = Debug|Any CPU
		{126ED543-5B28-4715-AE91-F655C70C2DD6}.Debug|x64.Build.0 = Debug|Any CPU
		{126ED543-5B28-4715-AE91-F655C70C2DD6}.Debug|x86.ActiveCfg = Debug|Any CPU
		{126ED543-5B28-4715-AE91-F655C70C2DD6}.Debug|x86.Build.0 = Debug|Any CPU
		{126ED543-5B28-4715-AE91-F655C70C2DD6}.Release|Any CPU.ActiveCfg = Release|Any CPU
		{126ED543-5B28-4715-AE91-F655C70C2DD6}.Release|Any CPU.Build.0 = Release|Any CPU
		{126ED543-5B28-4715-AE91-F655C70C2DD6}.Release|x64.ActiveCfg = Release|Any CPU
		{126ED543-5B28-4715-AE91-F655C70C2DD6}.Release|x64.Build.0 = Release|Any CPU
		{126ED543-5B28-4715-AE91-F655C70C2DD6}.Release|x86.ActiveCfg = Release|Any CPU
		{126ED543-5B28-4715-AE91-F655C70C2DD6}.Release|x86.Build.0 = Release|Any CPU
		{E8C098DB-A472-468E-BE99-81B0EF549D37}.Debug|Any CPU.ActiveCfg = Debug|Any CPU
		{E8C098DB-A472-468E-BE99-81B0EF549D37}.Debug|Any CPU.Build.0 = Debug|Any CPU
		{E8C098DB-A472-468E-BE99-81B0EF549D37}.Debug|x64.ActiveCfg = Debug|Any CPU
		{E8C098DB-A472-468E-BE99-81B0EF549D37}.Debug|x64.Build.0 = Debug|Any CPU
		{E8C098DB-A472-468E-BE99-81B0EF549D37}.Debug|x86.ActiveCfg = Debug|Any CPU
		{E8C098DB-A472-468E-BE99-81B0EF549D37}.Debug|x86.Build.0 = Debug|Any CPU
		{E8C098DB-A472-468E-BE99-81B0EF549D37}.Release|Any CPU.ActiveCfg = Release|Any CPU
		{E8C098DB-A472-468E-BE99-81B0EF549D37}.Release|Any CPU.Build.0 = Release|Any CPU
		{E8C098DB-A472-468E-BE99-81B0EF549D37}.Release|x64.ActiveCfg = Release|Any CPU
		{E8C098DB-A472-468E-BE99-81B0EF549D37}.Release|x64.Build.0 = Release|Any CPU
		{E8C098DB-A472-468E-BE99-81B0EF549D37}.Release|x86.ActiveCfg = Release|Any CPU
		{E8C098DB-A472-468E-BE99-81B0EF549D37}.Release|x86.Build.0 = Release|Any CPU
		{B7B19CA9-89F3-4D5E-96F3-41D053563E80}.Debug|Any CPU.ActiveCfg = Debug|Any CPU
		{B7B19CA9-89F3-4D5E-96F3-41D053563E80}.Debug|Any CPU.Build.0 = Debug|Any CPU
		{B7B19CA9-89F3-4D5E-96F3-41D053563E80}.Debug|x64.ActiveCfg = Debug|Any CPU
		{B7B19CA9-89F3-4D5E-96F3-41D053563E80}.Debug|x64.Build.0 = Debug|Any CPU
		{B7B19CA9-89F3-4D5E-96F3-41D053563E80}.Debug|x86.ActiveCfg = Debug|Any CPU
		{B7B19CA9-89F3-4D5E-96F3-41D053563E80}.Debug|x86.Build.0 = Debug|Any CPU
		{B7B19CA9-89F3-4D5E-96F3-41D053563E80}.Release|Any CPU.ActiveCfg = Release|Any CPU
		{B7B19CA9-89F3-4D5E-96F3-41D053563E80}.Release|Any CPU.Build.0 = Release|Any CPU
		{B7B19CA9-89F3-4D5E-96F3-41D053563E80}.Release|x64.ActiveCfg = Release|Any CPU
		{B7B19CA9-89F3-4D5E-96F3-41D053563E80}.Release|x64.Build.0 = Release|Any CPU
		{B7B19CA9-89F3-4D5E-96F3-41D053563E80}.Release|x86.ActiveCfg = Release|Any CPU
		{B7B19CA9-89F3-4D5E-96F3-41D053563E80}.Release|x86.Build.0 = Release|Any CPU
		{F0A1D975-D75C-430C-B096-DBEB59F54B10}.Debug|Any CPU.ActiveCfg = Debug|Any CPU
		{F0A1D975-D75C-430C-B096-DBEB59F54B10}.Debug|Any CPU.Build.0 = Debug|Any CPU
		{F0A1D975-D75C-430C-B096-DBEB59F54B10}.Debug|x64.ActiveCfg = Debug|Any CPU
		{F0A1D975-D75C-430C-B096-DBEB59F54B10}.Debug|x64.Build.0 = Debug|Any CPU
		{F0A1D975-D75C-430C-B096-DBEB59F54B10}.Debug|x86.ActiveCfg = Debug|Any CPU
		{F0A1D975-D75C-430C-B096-DBEB59F54B10}.Debug|x86.Build.0 = Debug|Any CPU
		{F0A1D975-D75C-430C-B096-DBEB59F54B10}.Release|Any CPU.ActiveCfg = Release|Any CPU
		{F0A1D975-D75C-430C-B096-DBEB59F54B10}.Release|Any CPU.Build.0 = Release|Any CPU
		{F0A1D975-D75C-430C-B096-DBEB59F54B10}.Release|x64.ActiveCfg = Release|Any CPU
		{F0A1D975-D75C-430C-B096-DBEB59F54B10}.Release|x64.Build.0 = Release|Any CPU
		{F0A1D975-D75C-430C-B096-DBEB59F54B10}.Release|x86.ActiveCfg = Release|Any CPU
		{F0A1D975-D75C-430C-B096-DBEB59F54B10}.Release|x86.Build.0 = Release|Any CPU
		{C37CE39F-ED1B-4020-A603-D0CA16A14BDC}.Debug|Any CPU.ActiveCfg = Debug|Any CPU
		{C37CE39F-ED1B-4020-A603-D0CA16A14BDC}.Debug|Any CPU.Build.0 = Debug|Any CPU
		{C37CE39F-ED1B-4020-A603-D0CA16A14BDC}.Debug|x64.ActiveCfg = Debug|Any CPU
		{C37CE39F-ED1B-4020-A603-D0CA16A14BDC}.Debug|x64.Build.0 = Debug|Any CPU
		{C37CE39F-ED1B-4020-A603-D0CA16A14BDC}.Debug|x86.ActiveCfg = Debug|Any CPU
		{C37CE39F-ED1B-4020-A603-D0CA16A14BDC}.Debug|x86.Build.0 = Debug|Any CPU
		{C37CE39F-ED1B-4020-A603-D0CA16A14BDC}.Release|Any CPU.ActiveCfg = Release|Any CPU
		{C37CE39F-ED1B-4020-A603-D0CA16A14BDC}.Release|Any CPU.Build.0 = Release|Any CPU
		{C37CE39F-ED1B-4020-A603-D0CA16A14BDC}.Release|x64.ActiveCfg = Release|Any CPU
		{C37CE39F-ED1B-4020-A603-D0CA16A14BDC}.Release|x64.Build.0 = Release|Any CPU
		{C37CE39F-ED1B-4020-A603-D0CA16A14BDC}.Release|x86.ActiveCfg = Release|Any CPU
		{C37CE39F-ED1B-4020-A603-D0CA16A14BDC}.Release|x86.Build.0 = Release|Any CPU
		{B6C98A43-27AA-4AE8-8140-8BB2FEBE7551}.Debug|Any CPU.ActiveCfg = Debug|Any CPU
		{B6C98A43-27AA-4AE8-8140-8BB2FEBE7551}.Debug|Any CPU.Build.0 = Debug|Any CPU
		{B6C98A43-27AA-4AE8-8140-8BB2FEBE7551}.Debug|x64.ActiveCfg = Debug|Any CPU
		{B6C98A43-27AA-4AE8-8140-8BB2FEBE7551}.Debug|x64.Build.0 = Debug|Any CPU
		{B6C98A43-27AA-4AE8-8140-8BB2FEBE7551}.Debug|x86.ActiveCfg = Debug|Any CPU
		{B6C98A43-27AA-4AE8-8140-8BB2FEBE7551}.Debug|x86.Build.0 = Debug|Any CPU
		{B6C98A43-27AA-4AE8-8140-8BB2FEBE7551}.Release|Any CPU.ActiveCfg = Release|Any CPU
		{B6C98A43-27AA-4AE8-8140-8BB2FEBE7551}.Release|Any CPU.Build.0 = Release|Any CPU
		{B6C98A43-27AA-4AE8-8140-8BB2FEBE7551}.Release|x64.ActiveCfg = Release|Any CPU
		{B6C98A43-27AA-4AE8-8140-8BB2FEBE7551}.Release|x64.Build.0 = Release|Any CPU
		{B6C98A43-27AA-4AE8-8140-8BB2FEBE7551}.Release|x86.ActiveCfg = Release|Any CPU
		{B6C98A43-27AA-4AE8-8140-8BB2FEBE7551}.Release|x86.Build.0 = Release|Any CPU
		{71F5DB5F-1221-4787-9AAE-895FACE14C02}.Debug|Any CPU.ActiveCfg = Debug|Any CPU
		{71F5DB5F-1221-4787-9AAE-895FACE14C02}.Debug|Any CPU.Build.0 = Debug|Any CPU
		{71F5DB5F-1221-4787-9AAE-895FACE14C02}.Debug|x64.ActiveCfg = Debug|Any CPU
		{71F5DB5F-1221-4787-9AAE-895FACE14C02}.Debug|x64.Build.0 = Debug|Any CPU
		{71F5DB5F-1221-4787-9AAE-895FACE14C02}.Debug|x86.ActiveCfg = Debug|Any CPU
		{71F5DB5F-1221-4787-9AAE-895FACE14C02}.Debug|x86.Build.0 = Debug|Any CPU
		{71F5DB5F-1221-4787-9AAE-895FACE14C02}.Release|Any CPU.ActiveCfg = Release|Any CPU
		{71F5DB5F-1221-4787-9AAE-895FACE14C02}.Release|Any CPU.Build.0 = Release|Any CPU
		{71F5DB5F-1221-4787-9AAE-895FACE14C02}.Release|x64.ActiveCfg = Release|Any CPU
		{71F5DB5F-1221-4787-9AAE-895FACE14C02}.Release|x64.Build.0 = Release|Any CPU
		{71F5DB5F-1221-4787-9AAE-895FACE14C02}.Release|x86.ActiveCfg = Release|Any CPU
		{71F5DB5F-1221-4787-9AAE-895FACE14C02}.Release|x86.Build.0 = Release|Any CPU
		{210E6FA2-C843-4F9F-8E38-D2AB65FD32BD}.Debug|Any CPU.ActiveCfg = Debug|Any CPU
		{210E6FA2-C843-4F9F-8E38-D2AB65FD32BD}.Debug|Any CPU.Build.0 = Debug|Any CPU
		{210E6FA2-C843-4F9F-8E38-D2AB65FD32BD}.Debug|x64.ActiveCfg = Debug|Any CPU
		{210E6FA2-C843-4F9F-8E38-D2AB65FD32BD}.Debug|x64.Build.0 = Debug|Any CPU
		{210E6FA2-C843-4F9F-8E38-D2AB65FD32BD}.Debug|x86.ActiveCfg = Debug|Any CPU
		{210E6FA2-C843-4F9F-8E38-D2AB65FD32BD}.Debug|x86.Build.0 = Debug|Any CPU
		{210E6FA2-C843-4F9F-8E38-D2AB65FD32BD}.Release|Any CPU.ActiveCfg = Release|Any CPU
		{210E6FA2-C843-4F9F-8E38-D2AB65FD32BD}.Release|Any CPU.Build.0 = Release|Any CPU
		{210E6FA2-C843-4F9F-8E38-D2AB65FD32BD}.Release|x64.ActiveCfg = Release|Any CPU
		{210E6FA2-C843-4F9F-8E38-D2AB65FD32BD}.Release|x64.Build.0 = Release|Any CPU
		{210E6FA2-C843-4F9F-8E38-D2AB65FD32BD}.Release|x86.ActiveCfg = Release|Any CPU
		{210E6FA2-C843-4F9F-8E38-D2AB65FD32BD}.Release|x86.Build.0 = Release|Any CPU
		{06BFA9B4-A949-4F3B-BD7A-C76804DB96DC}.Debug|Any CPU.ActiveCfg = Debug|Any CPU
		{06BFA9B4-A949-4F3B-BD7A-C76804DB96DC}.Debug|Any CPU.Build.0 = Debug|Any CPU
		{06BFA9B4-A949-4F3B-BD7A-C76804DB96DC}.Debug|x64.ActiveCfg = Debug|Any CPU
		{06BFA9B4-A949-4F3B-BD7A-C76804DB96DC}.Debug|x64.Build.0 = Debug|Any CPU
		{06BFA9B4-A949-4F3B-BD7A-C76804DB96DC}.Debug|x86.ActiveCfg = Debug|Any CPU
		{06BFA9B4-A949-4F3B-BD7A-C76804DB96DC}.Debug|x86.Build.0 = Debug|Any CPU
		{06BFA9B4-A949-4F3B-BD7A-C76804DB96DC}.Release|Any CPU.ActiveCfg = Release|Any CPU
		{06BFA9B4-A949-4F3B-BD7A-C76804DB96DC}.Release|Any CPU.Build.0 = Release|Any CPU
		{06BFA9B4-A949-4F3B-BD7A-C76804DB96DC}.Release|x64.ActiveCfg = Release|Any CPU
		{06BFA9B4-A949-4F3B-BD7A-C76804DB96DC}.Release|x64.Build.0 = Release|Any CPU
		{06BFA9B4-A949-4F3B-BD7A-C76804DB96DC}.Release|x86.ActiveCfg = Release|Any CPU
		{06BFA9B4-A949-4F3B-BD7A-C76804DB96DC}.Release|x86.Build.0 = Release|Any CPU
		{375F9B0B-A1B9-4B44-8D5F-ACFFA0B8E2CE}.Debug|Any CPU.ActiveCfg = Debug|Any CPU
		{375F9B0B-A1B9-4B44-8D5F-ACFFA0B8E2CE}.Debug|Any CPU.Build.0 = Debug|Any CPU
		{375F9B0B-A1B9-4B44-8D5F-ACFFA0B8E2CE}.Debug|x64.ActiveCfg = Debug|Any CPU
		{375F9B0B-A1B9-4B44-8D5F-ACFFA0B8E2CE}.Debug|x64.Build.0 = Debug|Any CPU
		{375F9B0B-A1B9-4B44-8D5F-ACFFA0B8E2CE}.Debug|x86.ActiveCfg = Debug|Any CPU
		{375F9B0B-A1B9-4B44-8D5F-ACFFA0B8E2CE}.Debug|x86.Build.0 = Debug|Any CPU
		{375F9B0B-A1B9-4B44-8D5F-ACFFA0B8E2CE}.Release|Any CPU.ActiveCfg = Release|Any CPU
		{375F9B0B-A1B9-4B44-8D5F-ACFFA0B8E2CE}.Release|Any CPU.Build.0 = Release|Any CPU
		{375F9B0B-A1B9-4B44-8D5F-ACFFA0B8E2CE}.Release|x64.ActiveCfg = Release|Any CPU
		{375F9B0B-A1B9-4B44-8D5F-ACFFA0B8E2CE}.Release|x64.Build.0 = Release|Any CPU
		{375F9B0B-A1B9-4B44-8D5F-ACFFA0B8E2CE}.Release|x86.ActiveCfg = Release|Any CPU
		{375F9B0B-A1B9-4B44-8D5F-ACFFA0B8E2CE}.Release|x86.Build.0 = Release|Any CPU
		{D7C78D8A-A8C3-45CC-AEE1-DD6ED4C0BF77}.Debug|Any CPU.ActiveCfg = Debug|Any CPU
		{D7C78D8A-A8C3-45CC-AEE1-DD6ED4C0BF77}.Debug|Any CPU.Build.0 = Debug|Any CPU
		{D7C78D8A-A8C3-45CC-AEE1-DD6ED4C0BF77}.Debug|x64.ActiveCfg = Debug|Any CPU
		{D7C78D8A-A8C3-45CC-AEE1-DD6ED4C0BF77}.Debug|x64.Build.0 = Debug|Any CPU
		{D7C78D8A-A8C3-45CC-AEE1-DD6ED4C0BF77}.Debug|x86.ActiveCfg = Debug|Any CPU
		{D7C78D8A-A8C3-45CC-AEE1-DD6ED4C0BF77}.Debug|x86.Build.0 = Debug|Any CPU
		{D7C78D8A-A8C3-45CC-AEE1-DD6ED4C0BF77}.Release|Any CPU.ActiveCfg = Release|Any CPU
		{D7C78D8A-A8C3-45CC-AEE1-DD6ED4C0BF77}.Release|Any CPU.Build.0 = Release|Any CPU
		{D7C78D8A-A8C3-45CC-AEE1-DD6ED4C0BF77}.Release|x64.ActiveCfg = Release|Any CPU
		{D7C78D8A-A8C3-45CC-AEE1-DD6ED4C0BF77}.Release|x64.Build.0 = Release|Any CPU
		{D7C78D8A-A8C3-45CC-AEE1-DD6ED4C0BF77}.Release|x86.ActiveCfg = Release|Any CPU
		{D7C78D8A-A8C3-45CC-AEE1-DD6ED4C0BF77}.Release|x86.Build.0 = Release|Any CPU
		{7776ED1D-250A-45FB-AD0A-4D5ABE8E1FD3}.Debug|Any CPU.ActiveCfg = Debug|Any CPU
		{7776ED1D-250A-45FB-AD0A-4D5ABE8E1FD3}.Debug|Any CPU.Build.0 = Debug|Any CPU
		{7776ED1D-250A-45FB-AD0A-4D5ABE8E1FD3}.Debug|x64.ActiveCfg = Debug|Any CPU
		{7776ED1D-250A-45FB-AD0A-4D5ABE8E1FD3}.Debug|x64.Build.0 = Debug|Any CPU
		{7776ED1D-250A-45FB-AD0A-4D5ABE8E1FD3}.Debug|x86.ActiveCfg = Debug|Any CPU
		{7776ED1D-250A-45FB-AD0A-4D5ABE8E1FD3}.Debug|x86.Build.0 = Debug|Any CPU
		{7776ED1D-250A-45FB-AD0A-4D5ABE8E1FD3}.Release|Any CPU.ActiveCfg = Release|Any CPU
		{7776ED1D-250A-45FB-AD0A-4D5ABE8E1FD3}.Release|Any CPU.Build.0 = Release|Any CPU
		{7776ED1D-250A-45FB-AD0A-4D5ABE8E1FD3}.Release|x64.ActiveCfg = Release|Any CPU
		{7776ED1D-250A-45FB-AD0A-4D5ABE8E1FD3}.Release|x64.Build.0 = Release|Any CPU
		{7776ED1D-250A-45FB-AD0A-4D5ABE8E1FD3}.Release|x86.ActiveCfg = Release|Any CPU
		{7776ED1D-250A-45FB-AD0A-4D5ABE8E1FD3}.Release|x86.Build.0 = Release|Any CPU
		{AE5BD7CA-75B9-4E30-BED4-7295356BF344}.Debug|Any CPU.ActiveCfg = Debug|Any CPU
		{AE5BD7CA-75B9-4E30-BED4-7295356BF344}.Debug|Any CPU.Build.0 = Debug|Any CPU
		{AE5BD7CA-75B9-4E30-BED4-7295356BF344}.Debug|x64.ActiveCfg = Debug|Any CPU
		{AE5BD7CA-75B9-4E30-BED4-7295356BF344}.Debug|x64.Build.0 = Debug|Any CPU
		{AE5BD7CA-75B9-4E30-BED4-7295356BF344}.Debug|x86.ActiveCfg = Debug|Any CPU
		{AE5BD7CA-75B9-4E30-BED4-7295356BF344}.Debug|x86.Build.0 = Debug|Any CPU
		{AE5BD7CA-75B9-4E30-BED4-7295356BF344}.Release|Any CPU.ActiveCfg = Release|Any CPU
		{AE5BD7CA-75B9-4E30-BED4-7295356BF344}.Release|Any CPU.Build.0 = Release|Any CPU
		{AE5BD7CA-75B9-4E30-BED4-7295356BF344}.Release|x64.ActiveCfg = Release|Any CPU
		{AE5BD7CA-75B9-4E30-BED4-7295356BF344}.Release|x64.Build.0 = Release|Any CPU
		{AE5BD7CA-75B9-4E30-BED4-7295356BF344}.Release|x86.ActiveCfg = Release|Any CPU
		{AE5BD7CA-75B9-4E30-BED4-7295356BF344}.Release|x86.Build.0 = Release|Any CPU
		{C176C87A-9AD0-429E-8815-D349B9FA8F72}.Debug|Any CPU.ActiveCfg = Debug|Any CPU
		{C176C87A-9AD0-429E-8815-D349B9FA8F72}.Debug|Any CPU.Build.0 = Debug|Any CPU
		{C176C87A-9AD0-429E-8815-D349B9FA8F72}.Debug|x64.ActiveCfg = Debug|Any CPU
		{C176C87A-9AD0-429E-8815-D349B9FA8F72}.Debug|x64.Build.0 = Debug|Any CPU
		{C176C87A-9AD0-429E-8815-D349B9FA8F72}.Debug|x86.ActiveCfg = Debug|Any CPU
		{C176C87A-9AD0-429E-8815-D349B9FA8F72}.Debug|x86.Build.0 = Debug|Any CPU
		{C176C87A-9AD0-429E-8815-D349B9FA8F72}.Release|Any CPU.ActiveCfg = Release|Any CPU
		{C176C87A-9AD0-429E-8815-D349B9FA8F72}.Release|Any CPU.Build.0 = Release|Any CPU
		{C176C87A-9AD0-429E-8815-D349B9FA8F72}.Release|x64.ActiveCfg = Release|Any CPU
		{C176C87A-9AD0-429E-8815-D349B9FA8F72}.Release|x64.Build.0 = Release|Any CPU
		{C176C87A-9AD0-429E-8815-D349B9FA8F72}.Release|x86.ActiveCfg = Release|Any CPU
		{C176C87A-9AD0-429E-8815-D349B9FA8F72}.Release|x86.Build.0 = Release|Any CPU
		{3B288655-8345-4DCC-B0E6-EBF08352747C}.Debug|Any CPU.ActiveCfg = Debug|Any CPU
		{3B288655-8345-4DCC-B0E6-EBF08352747C}.Debug|Any CPU.Build.0 = Debug|Any CPU
		{3B288655-8345-4DCC-B0E6-EBF08352747C}.Debug|x64.ActiveCfg = Debug|Any CPU
		{3B288655-8345-4DCC-B0E6-EBF08352747C}.Debug|x64.Build.0 = Debug|Any CPU
		{3B288655-8345-4DCC-B0E6-EBF08352747C}.Debug|x86.ActiveCfg = Debug|Any CPU
		{3B288655-8345-4DCC-B0E6-EBF08352747C}.Debug|x86.Build.0 = Debug|Any CPU
		{3B288655-8345-4DCC-B0E6-EBF08352747C}.Release|Any CPU.ActiveCfg = Release|Any CPU
		{3B288655-8345-4DCC-B0E6-EBF08352747C}.Release|Any CPU.Build.0 = Release|Any CPU
		{3B288655-8345-4DCC-B0E6-EBF08352747C}.Release|x64.ActiveCfg = Release|Any CPU
		{3B288655-8345-4DCC-B0E6-EBF08352747C}.Release|x64.Build.0 = Release|Any CPU
		{3B288655-8345-4DCC-B0E6-EBF08352747C}.Release|x86.ActiveCfg = Release|Any CPU
		{3B288655-8345-4DCC-B0E6-EBF08352747C}.Release|x86.Build.0 = Release|Any CPU
		{B69A6748-C144-4855-8DDE-0E7401E66A65}.Debug|Any CPU.ActiveCfg = Debug|Any CPU
		{B69A6748-C144-4855-8DDE-0E7401E66A65}.Debug|Any CPU.Build.0 = Debug|Any CPU
		{B69A6748-C144-4855-8DDE-0E7401E66A65}.Debug|x64.ActiveCfg = Debug|Any CPU
		{B69A6748-C144-4855-8DDE-0E7401E66A65}.Debug|x64.Build.0 = Debug|Any CPU
		{B69A6748-C144-4855-8DDE-0E7401E66A65}.Debug|x86.ActiveCfg = Debug|Any CPU
		{B69A6748-C144-4855-8DDE-0E7401E66A65}.Debug|x86.Build.0 = Debug|Any CPU
		{B69A6748-C144-4855-8DDE-0E7401E66A65}.Release|Any CPU.ActiveCfg = Release|Any CPU
		{B69A6748-C144-4855-8DDE-0E7401E66A65}.Release|Any CPU.Build.0 = Release|Any CPU
		{B69A6748-C144-4855-8DDE-0E7401E66A65}.Release|x64.ActiveCfg = Release|Any CPU
		{B69A6748-C144-4855-8DDE-0E7401E66A65}.Release|x64.Build.0 = Release|Any CPU
		{B69A6748-C144-4855-8DDE-0E7401E66A65}.Release|x86.ActiveCfg = Release|Any CPU
		{B69A6748-C144-4855-8DDE-0E7401E66A65}.Release|x86.Build.0 = Release|Any CPU
		{73CECBAD-0AEE-4AA8-B0A4-69988AA807FF}.Debug|Any CPU.ActiveCfg = Debug|Any CPU
		{73CECBAD-0AEE-4AA8-B0A4-69988AA807FF}.Debug|Any CPU.Build.0 = Debug|Any CPU
		{73CECBAD-0AEE-4AA8-B0A4-69988AA807FF}.Debug|x64.ActiveCfg = Debug|Any CPU
		{73CECBAD-0AEE-4AA8-B0A4-69988AA807FF}.Debug|x64.Build.0 = Debug|Any CPU
		{73CECBAD-0AEE-4AA8-B0A4-69988AA807FF}.Debug|x86.ActiveCfg = Debug|Any CPU
		{73CECBAD-0AEE-4AA8-B0A4-69988AA807FF}.Debug|x86.Build.0 = Debug|Any CPU
		{73CECBAD-0AEE-4AA8-B0A4-69988AA807FF}.Release|Any CPU.ActiveCfg = Release|Any CPU
		{73CECBAD-0AEE-4AA8-B0A4-69988AA807FF}.Release|Any CPU.Build.0 = Release|Any CPU
		{73CECBAD-0AEE-4AA8-B0A4-69988AA807FF}.Release|x64.ActiveCfg = Release|Any CPU
		{73CECBAD-0AEE-4AA8-B0A4-69988AA807FF}.Release|x64.Build.0 = Release|Any CPU
		{73CECBAD-0AEE-4AA8-B0A4-69988AA807FF}.Release|x86.ActiveCfg = Release|Any CPU
		{73CECBAD-0AEE-4AA8-B0A4-69988AA807FF}.Release|x86.Build.0 = Release|Any CPU
		{FF6795AF-6BFA-427F-8C20-EBB413C902F5}.Debug|Any CPU.ActiveCfg = Debug|Any CPU
		{FF6795AF-6BFA-427F-8C20-EBB413C902F5}.Debug|Any CPU.Build.0 = Debug|Any CPU
		{FF6795AF-6BFA-427F-8C20-EBB413C902F5}.Debug|x64.ActiveCfg = Debug|Any CPU
		{FF6795AF-6BFA-427F-8C20-EBB413C902F5}.Debug|x64.Build.0 = Debug|Any CPU
		{FF6795AF-6BFA-427F-8C20-EBB413C902F5}.Debug|x86.ActiveCfg = Debug|Any CPU
		{FF6795AF-6BFA-427F-8C20-EBB413C902F5}.Debug|x86.Build.0 = Debug|Any CPU
		{FF6795AF-6BFA-427F-8C20-EBB413C902F5}.Release|Any CPU.ActiveCfg = Release|Any CPU
		{FF6795AF-6BFA-427F-8C20-EBB413C902F5}.Release|Any CPU.Build.0 = Release|Any CPU
		{FF6795AF-6BFA-427F-8C20-EBB413C902F5}.Release|x64.ActiveCfg = Release|Any CPU
		{FF6795AF-6BFA-427F-8C20-EBB413C902F5}.Release|x64.Build.0 = Release|Any CPU
		{FF6795AF-6BFA-427F-8C20-EBB413C902F5}.Release|x86.ActiveCfg = Release|Any CPU
		{FF6795AF-6BFA-427F-8C20-EBB413C902F5}.Release|x86.Build.0 = Release|Any CPU
		{6D95F637-D38C-4577-8F24-DA3BA6DDB8E4}.Debug|Any CPU.ActiveCfg = Debug|Any CPU
		{6D95F637-D38C-4577-8F24-DA3BA6DDB8E4}.Debug|Any CPU.Build.0 = Debug|Any CPU
		{6D95F637-D38C-4577-8F24-DA3BA6DDB8E4}.Debug|x64.ActiveCfg = Debug|Any CPU
		{6D95F637-D38C-4577-8F24-DA3BA6DDB8E4}.Debug|x64.Build.0 = Debug|Any CPU
		{6D95F637-D38C-4577-8F24-DA3BA6DDB8E4}.Debug|x86.ActiveCfg = Debug|Any CPU
		{6D95F637-D38C-4577-8F24-DA3BA6DDB8E4}.Debug|x86.Build.0 = Debug|Any CPU
		{6D95F637-D38C-4577-8F24-DA3BA6DDB8E4}.Release|Any CPU.ActiveCfg = Release|Any CPU
		{6D95F637-D38C-4577-8F24-DA3BA6DDB8E4}.Release|Any CPU.Build.0 = Release|Any CPU
		{6D95F637-D38C-4577-8F24-DA3BA6DDB8E4}.Release|x64.ActiveCfg = Release|Any CPU
		{6D95F637-D38C-4577-8F24-DA3BA6DDB8E4}.Release|x64.Build.0 = Release|Any CPU
		{6D95F637-D38C-4577-8F24-DA3BA6DDB8E4}.Release|x86.ActiveCfg = Release|Any CPU
		{6D95F637-D38C-4577-8F24-DA3BA6DDB8E4}.Release|x86.Build.0 = Release|Any CPU
	EndGlobalSection
	GlobalSection(SolutionProperties) = preSolution
		HideSolutionNode = FALSE
	EndGlobalSection
	GlobalSection(NestedProjects) = preSolution
		{BA45B2AF-4EFB-4478-8211-A6283178AC52} = {827E0CD3-B72D-47B6-A68D-7590B98EB39B}
		{EC26D8FF-69AA-4127-9448-1AA69AB2C4A1} = {DC7E7DB0-672C-59CD-78CE-C4883057BDE4}
		{9A75801A-8EF4-4735-91A7-DC3595A0EAE5} = {EC26D8FF-69AA-4127-9448-1AA69AB2C4A1}
		{F72CDA40-34A1-4CD8-8CD8-8ED4B6411F3D} = {473D39C9-61E3-EA25-6A91-EF6E7DA39358}
		{55D46FD6-88EF-4147-A296-0220F5900C1E} = {B54CF45F-3FAE-3293-3DE6-CDE5E9A03881}
		{08D4CBDB-16E6-A2DE-8321-B3608F901013} = {DC7E7DB0-672C-59CD-78CE-C4883057BDE4}
		{98B706AE-88F2-4DEC-AA65-16CC70415BC5} = {08D4CBDB-16E6-A2DE-8321-B3608F901013}
		{69D45371-9F6D-EE9B-C0E1-A99EB5D8C266} = {DC7E7DB0-672C-59CD-78CE-C4883057BDE4}
		{4F9B065E-08B8-441A-B43A-1F36E91BEA17} = {69D45371-9F6D-EE9B-C0E1-A99EB5D8C266}
		{2ADB8926-EEA1-9D12-867C-120F12F01A01} = {DC7E7DB0-672C-59CD-78CE-C4883057BDE4}
		{ABE56BFB-E48A-4E44-BAD6-22BA07163ED4} = {2ADB8926-EEA1-9D12-867C-120F12F01A01}
		{1E31D67B-D044-E569-46EB-437389C4A837} = {DC7E7DB0-672C-59CD-78CE-C4883057BDE4}
		{835F9323-AFB3-4FD0-800E-0C83CAD4306A} = {1E31D67B-D044-E569-46EB-437389C4A837}
		{67189871-8C42-0AD6-FB13-1F9B38A3641F} = {DC7E7DB0-672C-59CD-78CE-C4883057BDE4}
		{47B88B2B-9B73-414C-997E-23A8DCD784E5} = {67189871-8C42-0AD6-FB13-1F9B38A3641F}
		{0028B400-6354-6357-EACF-E80BFC2A56D0} = {DC7E7DB0-672C-59CD-78CE-C4883057BDE4}
		{7F885C2F-49AF-4992-BF16-772B4A03F040} = {0028B400-6354-6357-EACF-E80BFC2A56D0}
		{0B732013-A8D5-1713-BFC6-5128C3A45C63} = {DC7E7DB0-672C-59CD-78CE-C4883057BDE4}
		{51AC9B1C-2AB8-4B85-B30F-E71059DE6BFA} = {0B732013-A8D5-1713-BFC6-5128C3A45C63}
		{4FDCD8DF-ED18-383A-AA75-CBB32B64C733} = {DC7E7DB0-672C-59CD-78CE-C4883057BDE4}
		{BF0EC313-088B-4B5A-B21F-05A121A6F5D2} = {4FDCD8DF-ED18-383A-AA75-CBB32B64C733}
		{DE1C85D2-C6F3-3DE2-4E88-F59D843530E0} = {DC7E7DB0-672C-59CD-78CE-C4883057BDE4}
		{B90170B7-E252-4D99-B1FA-9BD1DFCF14A0} = {DE1C85D2-C6F3-3DE2-4E88-F59D843530E0}
		{CAB8D78C-6DE7-68C5-CB65-3696E695ED99} = {DC7E7DB0-672C-59CD-78CE-C4883057BDE4}
		{D995BDC6-24C1-40DB-B03B-E6451089982C} = {CAB8D78C-6DE7-68C5-CB65-3696E695ED99}
		{6A8234AB-1772-5556-DC80-BBC59C57B77F} = {DC7E7DB0-672C-59CD-78CE-C4883057BDE4}
		{126ED543-5B28-4715-AE91-F655C70C2DD6} = {6A8234AB-1772-5556-DC80-BBC59C57B77F}
		{F9EFD446-DCE2-BB18-7EBE-6776BDBF14A8} = {DC7E7DB0-672C-59CD-78CE-C4883057BDE4}
		{E8C098DB-A472-468E-BE99-81B0EF549D37} = {F9EFD446-DCE2-BB18-7EBE-6776BDBF14A8}
		{837E07DC-CF87-3BBF-C1EB-2CE3C593DEDE} = {DC7E7DB0-672C-59CD-78CE-C4883057BDE4}
		{B7B19CA9-89F3-4D5E-96F3-41D053563E80} = {837E07DC-CF87-3BBF-C1EB-2CE3C593DEDE}
		{93302321-4C58-2CC5-CBE1-DEC89083C774} = {DC7E7DB0-672C-59CD-78CE-C4883057BDE4}
		{F0A1D975-D75C-430C-B096-DBEB59F54B10} = {93302321-4C58-2CC5-CBE1-DEC89083C774}
		{00DD2E67-91B9-04B0-03C0-05F9017F1D10} = {DC7E7DB0-672C-59CD-78CE-C4883057BDE4}
		{C37CE39F-ED1B-4020-A603-D0CA16A14BDC} = {00DD2E67-91B9-04B0-03C0-05F9017F1D10}
		{7CBE0D07-66F5-79EE-32DE-78A81B6F31CD} = {DC7E7DB0-672C-59CD-78CE-C4883057BDE4}
		{B6C98A43-27AA-4AE8-8140-8BB2FEBE7551} = {7CBE0D07-66F5-79EE-32DE-78A81B6F31CD}
		{71F5DB5F-1221-4787-9AAE-895FACE14C02} = {827E0CD3-B72D-47B6-A68D-7590B98EB39B}
		{C297CC60-353A-B66B-6372-3706919B8E31} = {DC7E7DB0-672C-59CD-78CE-C4883057BDE4}
		{210E6FA2-C843-4F9F-8E38-D2AB65FD32BD} = {C297CC60-353A-B66B-6372-3706919B8E31}
		{4921A0BF-6DFD-A991-21EB-4E14447D92A2} = {DC7E7DB0-672C-59CD-78CE-C4883057BDE4}
		{06BFA9B4-A949-4F3B-BD7A-C76804DB96DC} = {4921A0BF-6DFD-A991-21EB-4E14447D92A2}
		{A74141C9-49DD-1819-0720-D841B91678F4} = {DC7E7DB0-672C-59CD-78CE-C4883057BDE4}
		{375F9B0B-A1B9-4B44-8D5F-ACFFA0B8E2CE} = {A74141C9-49DD-1819-0720-D841B91678F4}
		{CBCE27B3-0597-C027-C507-244FA1ACC323} = {DC7E7DB0-672C-59CD-78CE-C4883057BDE4}
		{D7C78D8A-A8C3-45CC-AEE1-DD6ED4C0BF77} = {CBCE27B3-0597-C027-C507-244FA1ACC323}
		{A0DBEECA-63B5-CBB2-9B45-4D8650805382} = {DC7E7DB0-672C-59CD-78CE-C4883057BDE4}
		{7776ED1D-250A-45FB-AD0A-4D5ABE8E1FD3} = {A0DBEECA-63B5-CBB2-9B45-4D8650805382}
		{CD670CC3-9995-3D20-3208-4A2B0CB95167} = {DC7E7DB0-672C-59CD-78CE-C4883057BDE4}
		{AE5BD7CA-75B9-4E30-BED4-7295356BF344} = {CD670CC3-9995-3D20-3208-4A2B0CB95167}
		{93C163E9-613E-E1BD-5FD7-125EF18DD836} = {DC7E7DB0-672C-59CD-78CE-C4883057BDE4}
		{C176C87A-9AD0-429E-8815-D349B9FA8F72} = {93C163E9-613E-E1BD-5FD7-125EF18DD836}
		{20FD5259-80AD-BC11-C09B-49DA4E2165FC} = {DC7E7DB0-672C-59CD-78CE-C4883057BDE4}
		{3B288655-8345-4DCC-B0E6-EBF08352747C} = {20FD5259-80AD-BC11-C09B-49DA4E2165FC}
		{C80E4B5D-3B43-C398-0869-89CA2192A85C} = {DC7E7DB0-672C-59CD-78CE-C4883057BDE4}
		{B69A6748-C144-4855-8DDE-0E7401E66A65} = {C80E4B5D-3B43-C398-0869-89CA2192A85C}
		{B467A677-08A3-6745-4A47-A6A5AE899A3D} = {DC7E7DB0-672C-59CD-78CE-C4883057BDE4}
		{73CECBAD-0AEE-4AA8-B0A4-69988AA807FF} = {B467A677-08A3-6745-4A47-A6A5AE899A3D}
		{FF6795AF-6BFA-427F-8C20-EBB413C902F5} = {28758985-4034-FB9F-34AE-A7B77C29CFA2}
		{6D95F637-D38C-4577-8F24-DA3BA6DDB8E4} = {827E0CD3-B72D-47B6-A68D-7590B98EB39B}
	EndGlobalSection
EndGlobal
